
Microsoft Visual Studio Solution File, Format Version 12.00
# Visual Studio 15
VisualStudioVersion = 15.0.28307.779
MinimumVisualStudioVersion = 10.0.40219.1
Project("{8BC9CEB8-8B4A-11D0-8D11-00A0C91BC942}") = "ProjectLibTest", "ProjectLibTest\ProjectLibTest.vcxproj", "{791677E7-D2C2-420A-8D19-66D4264A6CF4}"
EndProject
Global
	GlobalSection(SolutionConfigurationPlatforms) = preSolution
		Debug|x64 = Debug|x64
		Debug|x86 = Debug|x86
		Release|x64 = Release|x64
		Release|x86 = Release|x86
	EndGlobalSection
	GlobalSection(ProjectConfigurationPlatforms) = postSolution
		{791677E7-D2C2-420A-8D19-66D4264A6CF4}.Debug|x64.ActiveCfg = Debug|x64
		{791677E7-D2C2-420A-8D19-66D4264A6CF4}.Debug|x64.Build.0 = Debug|x64
		{791677E7-D2C2-420A-8D19-66D4264A6CF4}.Debug|x86.ActiveCfg = Debug|Win32
		{791677E7-D2C2-420A-8D19-66D4264A6CF4}.Debug|x86.Build.0 = Debug|Win32
		{791677E7-D2C2-420A-8D19-66D4264A6CF4}.Release|x64.ActiveCfg = Release|x64
		{791677E7-D2C2-420A-8D19-66D4264A6CF4}.Release|x64.Build.0 = Release|x64
		{791677E7-D2C2-420A-8D19-66D4264A6CF4}.Release|x86.ActiveCfg = Release|Win32
		{791677E7-D2C2-420A-8D19-66D4264A6CF4}.Release|x86.Build.0 = Release|Win32
	EndGlobalSection
	GlobalSection(SolutionProperties) = preSolution
		HideSolutionNode = FALSE
	EndGlobalSection
	GlobalSection(ExtensibilityGlobals) = postSolution
		SolutionGuid = {DF03F31A-244F-4B91-A15C-7FDD26B68E5E}
	EndGlobalSection
EndGlobal
