<?xml version="1.0" encoding="utf-8"?>
<Project ToolsVersion="4.0" xmlns="http://schemas.microsoft.com/developer/msbuild/2003">
  <ItemGroup>
    <Filter Include="Исходные файлы">
      <UniqueIdentifier>{4FC737F1-C7A5-4376-A066-2A32D752A2FF}</UniqueIdentifier>
      <Extensions>cpp;c;cc;cxx;def;odl;idl;hpj;bat;asm;asmx</Extensions>
    </Filter>
    <Filter Include="Файлы заголовков">
      <UniqueIdentifier>{93995380-89BD-4b04-88EB-625FBE52EBFB}</UniqueIdentifier>
      <Extensions>h;hh;hpp;hxx;hm;inl;inc;xsd</Extensions>
    </Filter>
    <Filter Include="Файлы ресурсов">
      <UniqueIdentifier>{67DA6AB6-F800-4c08-8B7A-83BB121AAD01}</UniqueIdentifier>
      <Extensions>rc;ico;cur;bmp;dlg;rc2;rct;bin;rgs;gif;jpg;jpeg;jpe;resx;tiff;tif;png;wav;mfcribbon-ms</Extensions>
    </Filter>
    <Filter Include="Исходные файлы\items">
      <UniqueIdentifier>{cc50342c-f9c1-4f78-b082-fc1da00fd1c5}</UniqueIdentifier>
    </Filter>
    <Filter Include="Файлы заголовков\items">
      <UniqueIdentifier>{d5dcbdef-01e4-4b25-8f4e-9f09f1d498bc}</UniqueIdentifier>
    </Filter>
    <Filter Include="Исходные файлы\file">
      <UniqueIdentifier>{d4bf1fa7-52da-4f5c-8227-22f0601f214b}</UniqueIdentifier>
    </Filter>
    <Filter Include="Файлы заголовков\file">
      <UniqueIdentifier>{bceb819b-1735-405e-9939-ec1aa3a7d3df}</UniqueIdentifier>
    </Filter>
    <Filter Include="Исходные файлы\filter">
      <UniqueIdentifier>{228309a1-6a9e-4dbf-894e-8495e21b9b06}</UniqueIdentifier>
    </Filter>
    <Filter Include="Файлы заголовков\filter">
      <UniqueIdentifier>{a1441597-94fe-470f-8527-0fbebd5be1aa}</UniqueIdentifier>
    </Filter>
  </ItemGroup>
  <ItemGroup>
    <ClInclude Include="..\..\..\..\..\itStepDoc%27s\C++\Exam\ExamHome\ExamHome\Student.h">
      <Filter>Файлы заголовков\items</Filter>
    </ClInclude>
    <ClInclude Include="..\..\..\..\..\itStepDoc%27s\C++\Exam\ExamHome\ExamHome\Graduate.h">
      <Filter>Файлы заголовков\items</Filter>
    </ClInclude>
    <ClInclude Include="..\..\..\..\..\itStepDoc%27s\C++\Exam\ExamHome\ExamHome\Learner.h">
      <Filter>Файлы заголовков\items</Filter>
    </ClInclude>
    <ClInclude Include="..\..\..\..\..\itStepDoc%27s\C++\Exam\ExamHome\ExamHome\SaveLoad.h">
      <Filter>Файлы заголовков\file</Filter>
    </ClInclude>
    <ClInclude Include="..\..\..\..\..\itStepDoc%27s\C++\Exam\ExamHome\ExamHome\Filter.h">
      <Filter>Файлы заголовков\filter</Filter>
    </ClInclude>
  </ItemGroup>
  <ItemGroup>
    <ClCompile Include="..\..\..\..\..\itStepDoc%27s\C++\Exam\ExamHome\ExamHome\main.cpp">
      <Filter>Исходные файлы</Filter>
    </ClCompile>
    <ClCompile Include="..\..\..\..\..\itStepDoc%27s\C++\Exam\ExamHome\ExamHome\Graduate.cpp">
      <Filter>Исходные файлы\items</Filter>
    </ClCompile>
    <ClCompile Include="..\..\..\..\..\itStepDoc%27s\C++\Exam\ExamHome\ExamHome\Student.cpp">
      <Filter>Исходные файлы\items</Filter>
    </ClCompile>
    <ClCompile Include="..\..\..\..\..\itStepDoc%27s\C++\Exam\ExamHome\ExamHome\Learner.cpp">
      <Filter>Исходные файлы\items</Filter>
    </ClCompile>
    <ClCompile Include="..\..\..\..\..\itStepDoc%27s\C++\Exam\ExamHome\ExamHome\SaveLoad.cpp">
      <Filter>Исходные файлы\file</Filter>
    </ClCompile>
    <ClCompile Include="..\..\..\..\..\itStepDoc%27s\C++\Exam\ExamHome\ExamHome\Filter.cpp">
      <Filter>Исходные файлы\filter</Filter>
    </ClCompile>
  </ItemGroup>
  <ItemGroup>
    <Text Include="..\..\..\..\..\itStepDoc%27s\C++\Exam\ExamHome\ExamHome\Comments.txt">
      <Filter>Файлы ресурсов</Filter>
    </Text>
  </ItemGroup>
</Project>