
Microsoft Visual Studio Solution File, Format Version 12.00
# Visual Studio 15
VisualStudioVersion = 15.0.28307.757
MinimumVisualStudioVersion = 10.0.40219.1
Project("{8BC9CEB8-8B4A-11D0-8D11-00A0C91BC942}") = "Exam1", "Exam1\Exam1.vcxproj", "{EC67BFE2-181F-4D71-AC96-8E3DD59C3B81}"
EndProject
Project("{8BC9CEB8-8B4A-11D0-8D11-00A0C91BC942}") = "Exam2", "Exam2\Exam2.vcxproj", "{86EE0952-CDED-43FF-B335-6E9502A46000}"
EndProject
Global
	GlobalSection(SolutionConfigurationPlatforms) = preSolution
		Debug|x64 = Debug|x64
		Debug|x86 = Debug|x86
		Release|x64 = Release|x64
		Release|x86 = Release|x86
	EndGlobalSection
	GlobalSection(ProjectConfigurationPlatforms) = postSolution
		{EC67BFE2-181F-4D71-AC96-8E3DD59C3B81}.Debug|x64.ActiveCfg = Debug|x64
		{EC67BFE2-181F-4D71-AC96-8E3DD59C3B81}.Debug|x64.Build.0 = Debug|x64
		{EC67BFE2-181F-4D71-AC96-8E3DD59C3B81}.Debug|x86.ActiveCfg = Debug|Win32
		{EC67BFE2-181F-4D71-AC96-8E3DD59C3B81}.Debug|x86.Build.0 = Debug|Win32
		{EC67BFE2-181F-4D71-AC96-8E3DD59C3B81}.Release|x64.ActiveCfg = Release|x64
		{EC67BFE2-181F-4D71-AC96-8E3DD59C3B81}.Release|x64.Build.0 = Release|x64
		{EC67BFE2-181F-4D71-AC96-8E3DD59C3B81}.Release|x86.ActiveCfg = Release|Win32
		{EC67BFE2-181F-4D71-AC96-8E3DD59C3B81}.Release|x86.Build.0 = Release|Win32
		{86EE0952-CDED-43FF-B335-6E9502A46000}.Debug|x64.ActiveCfg = Debug|x64
		{86EE0952-CDED-43FF-B335-6E9502A46000}.Debug|x64.Build.0 = Debug|x64
		{86EE0952-CDED-43FF-B335-6E9502A46000}.Debug|x86.ActiveCfg = Debug|Win32
		{86EE0952-CDED-43FF-B335-6E9502A46000}.Debug|x86.Build.0 = Debug|Win32
		{86EE0952-CDED-43FF-B335-6E9502A46000}.Release|x64.ActiveCfg = Release|x64
		{86EE0952-CDED-43FF-B335-6E9502A46000}.Release|x64.Build.0 = Release|x64
		{86EE0952-CDED-43FF-B335-6E9502A46000}.Release|x86.ActiveCfg = Release|Win32
		{86EE0952-CDED-43FF-B335-6E9502A46000}.Release|x86.Build.0 = Release|Win32
	EndGlobalSection
	GlobalSection(SolutionProperties) = preSolution
		HideSolutionNode = FALSE
	EndGlobalSection
	GlobalSection(ExtensibilityGlobals) = postSolution
		SolutionGuid = {26CE5448-2D59-43F5-AABA-24CA2A9A6023}
	EndGlobalSection
EndGlobal
