
Microsoft Visual Studio Solution File, Format Version 12.00
# Visual Studio 15
VisualStudioVersion = 15.0.28307.757
MinimumVisualStudioVersion = 10.0.40219.1
Project("{8BC9CEB8-8B4A-11D0-8D11-00A0C91BC942}") = "ProjectLibTest", "ProjectLibTest\ProjectLibTest.vcxproj", "{9CA2F531-4987-4946-96F7-D97E1EEF5E76}"
EndProject
Global
	GlobalSection(SolutionConfigurationPlatforms) = preSolution
		Debug|x64 = Debug|x64
		Debug|x86 = Debug|x86
		Release|x64 = Release|x64
		Release|x86 = Release|x86
	EndGlobalSection
	GlobalSection(ProjectConfigurationPlatforms) = postSolution
		{9CA2F531-4987-4946-96F7-D97E1EEF5E76}.Debug|x64.ActiveCfg = Debug|x64
		{9CA2F531-4987-4946-96F7-D97E1EEF5E76}.Debug|x64.Build.0 = Debug|x64
		{9CA2F531-4987-4946-96F7-D97E1EEF5E76}.Debug|x86.ActiveCfg = Debug|Win32
		{9CA2F531-4987-4946-96F7-D97E1EEF5E76}.Debug|x86.Build.0 = Debug|Win32
		{9CA2F531-4987-4946-96F7-D97E1EEF5E76}.Release|x64.ActiveCfg = Release|x64
		{9CA2F531-4987-4946-96F7-D97E1EEF5E76}.Release|x64.Build.0 = Release|x64
		{9CA2F531-4987-4946-96F7-D97E1EEF5E76}.Release|x86.ActiveCfg = Release|Win32
		{9CA2F531-4987-4946-96F7-D97E1EEF5E76}.Release|x86.Build.0 = Release|Win32
	EndGlobalSection
	GlobalSection(SolutionProperties) = preSolution
		HideSolutionNode = FALSE
	EndGlobalSection
	GlobalSection(ExtensibilityGlobals) = postSolution
		SolutionGuid = {D85F380B-9B12-4EFD-A687-322633999525}
	EndGlobalSection
EndGlobal
